
Microsoft Visual Studio Solution File, Format Version 12.00
# Visual Studio Version 17
VisualStudioVersion = 17.12.35521.163 d17.12
MinimumVisualStudioVersion = 10.0.40219.1
Project("{FAE04EC0-301F-11D3-BF4B-00C04F79EFBC}") = "DemoBlazorLezione2", "DemoBlazorLezione2\DemoBlazorLezione2.csproj", "{69D2342C-396E-41CF-A2D9-1F8D3EB0E5C5}"
EndProject
Project("{FAE04EC0-301F-11D3-BF4B-00C04F79EFBC}") = "DemoBlazorLezione2.Core", "DemoBlazorLezione2.Core\DemoBlazorLezione2.Core.csproj", "{8DE838B9-09FE-442F-9287-2586D719BA9F}"
EndProject
Project("{FAE04EC0-301F-11D3-BF4B-00C04F79EFBC}") = "DemoBlazorLezione2.UI.Library", "DemoBlazorLezione2.UI.Library\DemoBlazorLezione2.UI.Library.csproj", "{8555AC95-DEA5-45AC-A654-F2B3EA273223}"
EndProject
Global
	GlobalSection(SolutionConfigurationPlatforms) = preSolution
		Debug|Any CPU = Debug|Any CPU
		Release|Any CPU = Release|Any CPU
	EndGlobalSection
	GlobalSection(ProjectConfigurationPlatforms) = postSolution
		{69D2342C-396E-41CF-A2D9-1F8D3EB0E5C5}.Debug|Any CPU.ActiveCfg = Debug|Any CPU
		{69D2342C-396E-41CF-A2D9-1F8D3EB0E5C5}.Debug|Any CPU.Build.0 = Debug|Any CPU
		{69D2342C-396E-41CF-A2D9-1F8D3EB0E5C5}.Release|Any CPU.ActiveCfg = Release|Any CPU
		{69D2342C-396E-41CF-A2D9-1F8D3EB0E5C5}.Release|Any CPU.Build.0 = Release|Any CPU
		{8DE838B9-09FE-442F-9287-2586D719BA9F}.Debug|Any CPU.ActiveCfg = Debug|Any CPU
		{8DE838B9-09FE-442F-9287-2586D719BA9F}.Debug|Any CPU.Build.0 = Debug|Any CPU
		{8DE838B9-09FE-442F-9287-2586D719BA9F}.Release|Any CPU.ActiveCfg = Release|Any CPU
		{8DE838B9-09FE-442F-9287-2586D719BA9F}.Release|Any CPU.Build.0 = Release|Any CPU
		{8555AC95-DEA5-45AC-A654-F2B3EA273223}.Debug|Any CPU.ActiveCfg = Debug|Any CPU
		{8555AC95-DEA5-45AC-A654-F2B3EA273223}.Debug|Any CPU.Build.0 = Debug|Any CPU
		{8555AC95-DEA5-45AC-A654-F2B3EA273223}.Release|Any CPU.ActiveCfg = Release|Any CPU
		{8555AC95-DEA5-45AC-A654-F2B3EA273223}.Release|Any CPU.Build.0 = Release|Any CPU
	EndGlobalSection
	GlobalSection(SolutionProperties) = preSolution
		HideSolutionNode = FALSE
	EndGlobalSection
EndGlobal
